// !$*UTF8*$!
{
	archiveVersion = 1;
	classes = {
	};
	objectVersion = 50;
	objects = {

/* Begin PBXBuildFile section */
		77D2828925E3D7D500FD0FF9 /* AppDelegate.swift in Sources */ = {isa = PBXBuildFile; fileRef = 77D2828825E3D7D500FD0FF9 /* AppDelegate.swift */; };
		77D2828B25E3D7D500FD0FF9 /* SceneDelegate.swift in Sources */ = {isa = PBXBuildFile; fileRef = 77D2828A25E3D7D500FD0FF9 /* SceneDelegate.swift */; };
		77D2828D25E3D7D500FD0FF9 /* ViewController.swift in Sources */ = {isa = PBXBuildFile; fileRef = 77D2828C25E3D7D500FD0FF9 /* ViewController.swift */; };
		77D2829025E3D7D500FD0FF9 /* Main.storyboard in Resources */ = {isa = PBXBuildFile; fileRef = 77D2828E25E3D7D500FD0FF9 /* Main.storyboard */; };
		77D2829225E3D7D600FD0FF9 /* Assets.xcassets in Resources */ = {isa = PBXBuildFile; fileRef = 77D2829125E3D7D600FD0FF9 /* Assets.xcassets */; };
		77D2829525E3D7D600FD0FF9 /* LaunchScreen.storyboard in Resources */ = {isa = PBXBuildFile; fileRef = 77D2829325E3D7D600FD0FF9 /* LaunchScreen.storyboard */; };
		77D2829E25E3F5E400FD0FF9 /* Constants.swift in Sources */ = {isa = PBXBuildFile; fileRef = 77D2829D25E3F5E400FD0FF9 /* Constants.swift */; };
		77D282A125E4020500FD0FF9 /* Video.swift in Sources */ = {isa = PBXBuildFile; fileRef = 77D282A025E4020500FD0FF9 /* Video.swift */; };
		77D282A425E4027900FD0FF9 /* Model.swift in Sources */ = {isa = PBXBuildFile; fileRef = 77D282A325E4027900FD0FF9 /* Model.swift */; };
/* End PBXBuildFile section */

/* Begin PBXFileReference section */
		77D2828525E3D7D500FD0FF9 /* video-pocket.app */ = {isa = PBXFileReference; explicitFileType = wrapper.application; includeInIndex = 0; path = "video-pocket.app"; sourceTree = BUILT_PRODUCTS_DIR; };
		77D2828825E3D7D500FD0FF9 /* AppDelegate.swift */ = {isa = PBXFileReference; lastKnownFileType = sourcecode.swift; path = AppDelegate.swift; sourceTree = "<group>"; };
		77D2828A25E3D7D500FD0FF9 /* SceneDelegate.swift */ = {isa = PBXFileReference; lastKnownFileType = sourcecode.swift; path = SceneDelegate.swift; sourceTree = "<group>"; };
		77D2828C25E3D7D500FD0FF9 /* ViewController.swift */ = {isa = PBXFileReference; lastKnownFileType = sourcecode.swift; path = ViewController.swift; sourceTree = "<group>"; };
		77D2828F25E3D7D500FD0FF9 /* Base */ = {isa = PBXFileReference; lastKnownFileType = file.storyboard; name = Base; path = Base.lproj/Main.storyboard; sourceTree = "<group>"; };
		77D2829125E3D7D600FD0FF9 /* Assets.xcassets */ = {isa = PBXFileReference; lastKnownFileType = folder.assetcatalog; path = Assets.xcassets; sourceTree = "<group>"; };
		77D2829425E3D7D600FD0FF9 /* Base */ = {isa = PBXFileReference; lastKnownFileType = file.storyboard; name = Base; path = Base.lproj/LaunchScreen.storyboard; sourceTree = "<group>"; };
		77D2829625E3D7D600FD0FF9 /* Info.plist */ = {isa = PBXFileReference; lastKnownFileType = text.plist.xml; path = Info.plist; sourceTree = "<group>"; };
		77D2829D25E3F5E400FD0FF9 /* Constants.swift */ = {isa = PBXFileReference; lastKnownFileType = sourcecode.swift; path = Constants.swift; sourceTree = "<group>"; };
		77D282A025E4020500FD0FF9 /* Video.swift */ = {isa = PBXFileReference; lastKnownFileType = sourcecode.swift; path = Video.swift; sourceTree = "<group>"; };
		77D282A325E4027900FD0FF9 /* Model.swift */ = {isa = PBXFileReference; lastKnownFileType = sourcecode.swift; path = Model.swift; sourceTree = "<group>"; };
/* End PBXFileReference section */

/* Begin PBXFrameworksBuildPhase section */
		77D2828225E3D7D500FD0FF9 /* Frameworks */ = {
			isa = PBXFrameworksBuildPhase;
			buildActionMask = 2147483647;
			files = (
			);
			runOnlyForDeploymentPostprocessing = 0;
		};
/* End PBXFrameworksBuildPhase section */

/* Begin PBXGroup section */
		77D2827C25E3D7D500FD0FF9 = {
			isa = PBXGroup;
			children = (
				77D2828725E3D7D500FD0FF9 /* video-pocket */,
				77D2828625E3D7D500FD0FF9 /* Products */,
			);
			sourceTree = "<group>";
		};
		77D2828625E3D7D500FD0FF9 /* Products */ = {
			isa = PBXGroup;
			children = (
				77D2828525E3D7D500FD0FF9 /* video-pocket.app */,
			);
			name = Products;
			sourceTree = "<group>";
		};
		77D2828725E3D7D500FD0FF9 /* video-pocket */ = {
			isa = PBXGroup;
			children = (
				77D2828825E3D7D500FD0FF9 /* AppDelegate.swift */,
				77D2828A25E3D7D500FD0FF9 /* SceneDelegate.swift */,
				77D2828C25E3D7D500FD0FF9 /* ViewController.swift */,
				77D2828E25E3D7D500FD0FF9 /* Main.storyboard */,
				77D2829125E3D7D600FD0FF9 /* Assets.xcassets */,
				77D2829325E3D7D600FD0FF9 /* LaunchScreen.storyboard */,
				77D2829625E3D7D600FD0FF9 /* Info.plist */,
				77D2829D25E3F5E400FD0FF9 /* Constants.swift */,
				77D282A025E4020500FD0FF9 /* Video.swift */,
				77D282A325E4027900FD0FF9 /* Model.swift */,
			);
			path = "video-pocket";
			sourceTree = "<group>";
		};
/* End PBXGroup section */

/* Begin PBXNativeTarget section */
		77D2828425E3D7D500FD0FF9 /* video-pocket */ = {
			isa = PBXNativeTarget;
			buildConfigurationList = 77D2829925E3D7D600FD0FF9 /* Build configuration list for PBXNativeTarget "video-pocket" */;
			buildPhases = (
				77D2828125E3D7D500FD0FF9 /* Sources */,
				77D2828225E3D7D500FD0FF9 /* Frameworks */,
				77D2828325E3D7D500FD0FF9 /* Resources */,
			);
			buildRules = (
			);
			dependencies = (
			);
			name = "video-pocket";
			productName = "video-pocket";
			productReference = 77D2828525E3D7D500FD0FF9 /* video-pocket.app */;
			productType = "com.apple.product-type.application";
		};
/* End PBXNativeTarget section */

/* Begin PBXProject section */
		77D2827D25E3D7D500FD0FF9 /* Project object */ = {
			isa = PBXProject;
			attributes = {
				LastSwiftUpdateCheck = 1240;
				LastUpgradeCheck = 1240;
				TargetAttributes = {
					77D2828425E3D7D500FD0FF9 = {
						CreatedOnToolsVersion = 12.4;
					};
				};
			};
			buildConfigurationList = 77D2828025E3D7D500FD0FF9 /* Build configuration list for PBXProject "video-pocket" */;
			compatibilityVersion = "Xcode 9.3";
			developmentRegion = en;
			hasScannedForEncodings = 0;
			knownRegions = (
				en,
				Base,
			);
			mainGroup = 77D2827C25E3D7D500FD0FF9;
			productRefGroup = 77D2828625E3D7D500FD0FF9 /* Products */;
			projectDirPath = "";
			projectRoot = "";
			targets = (
				77D2828425E3D7D500FD0FF9 /* video-pocket */,
			);
		};
/* End PBXProject section */

/* Begin PBXResourcesBuildPhase section */
		77D2828325E3D7D500FD0FF9 /* Resources */ = {
			isa = PBXResourcesBuildPhase;
			buildActionMask = 2147483647;
			files = (
				77D2829525E3D7D600FD0FF9 /* LaunchScreen.storyboard in Resources */,
				77D2829225E3D7D600FD0FF9 /* Assets.xcassets in Resources */,
				77D2829025E3D7D500FD0FF9 /* Main.storyboard in Resources */,
			);
			runOnlyForDeploymentPostprocessing = 0;
		};
/* End PBXResourcesBuildPhase section */

/* Begin PBXSourcesBuildPhase section */
		77D2828125E3D7D500FD0FF9 /* Sources */ = {
			isa = PBXSourcesBuildPhase;
			buildActionMask = 2147483647;
			files = (
				77D2828D25E3D7D500FD0FF9 /* ViewController.swift in Sources */,
				77D2828925E3D7D500FD0FF9 /* AppDelegate.swift in Sources */,
				77D2828B25E3D7D500FD0FF9 /* SceneDelegate.swift in Sources */,
				77D282A425E4027900FD0FF9 /* Model.swift in Sources */,
				77D2829E25E3F5E400FD0FF9 /* Constants.swift in Sources */,
				77D282A125E4020500FD0FF9 /* Video.swift in Sources */,
			);
			runOnlyForDeploymentPostprocessing = 0;
		};
/* End PBXSourcesBuildPhase section */

/* Begin PBXVariantGroup section */
		77D2828E25E3D7D500FD0FF9 /* Main.storyboard */ = {
			isa = PBXVariantGroup;
			children = (
				77D2828F25E3D7D500FD0FF9 /* Base */,
			);
			name = Main.storyboard;
			sourceTree = "<group>";
		};
		77D2829325E3D7D600FD0FF9 /* LaunchScreen.storyboard */ = {
			isa = PBXVariantGroup;
			children = (
				77D2829425E3D7D600FD0FF9 /* Base */,
			);
			name = LaunchScreen.storyboard;
			sourceTree = "<group>";
		};
/* End PBXVariantGroup section */

/* Begin XCBuildConfiguration section */
		77D2829725E3D7D600FD0FF9 /* Debug */ = {
			isa = XCBuildConfiguration;
			buildSettings = {
				ALWAYS_SEARCH_USER_PATHS = NO;
				CLANG_ANALYZER_NONNULL = YES;
				CLANG_ANALYZER_NUMBER_OBJECT_CONVERSION = YES_AGGRESSIVE;
				CLANG_CXX_LANGUAGE_STANDARD = "gnu++14";
				CLANG_CXX_LIBRARY = "libc++";
				CLANG_ENABLE_MODULES = YES;
				CLANG_ENABLE_OBJC_ARC = YES;
				CLANG_ENABLE_OBJC_WEAK = YES;
				CLANG_WARN_BLOCK_CAPTURE_AUTORELEASING = YES;
				CLANG_WARN_BOOL_CONVERSION = YES;
				CLANG_WARN_COMMA = YES;
				CLANG_WARN_CONSTANT_CONVERSION = YES;
				CLANG_WARN_DEPRECATED_OBJC_IMPLEMENTATIONS = YES;
				CLANG_WARN_DIRECT_OBJC_ISA_USAGE = YES_ERROR;
				CLANG_WARN_DOCUMENTATION_COMMENTS = YES;
				CLANG_WARN_EMPTY_BODY = YES;
				CLANG_WARN_ENUM_CONVERSION = YES;
				CLANG_WARN_INFINITE_RECURSION = YES;
				CLANG_WARN_INT_CONVERSION = YES;
				CLANG_WARN_NON_LITERAL_NULL_CONVERSION = YES;
				CLANG_WARN_OBJC_IMPLICIT_RETAIN_SELF = YES;
				CLANG_WARN_OBJC_LITERAL_CONVERSION = YES;
				CLANG_WARN_OBJC_ROOT_CLASS = YES_ERROR;
				CLANG_WARN_QUOTED_INCLUDE_IN_FRAMEWORK_HEADER = YES;
				CLANG_WARN_RANGE_LOOP_ANALYSIS = YES;
				CLANG_WARN_STRICT_PROTOTYPES = YES;
				CLANG_WARN_SUSPICIOUS_MOVE = YES;
				CLANG_WARN_UNGUARDED_AVAILABILITY = YES_AGGRESSIVE;
				CLANG_WARN_UNREACHABLE_CODE = YES;
				CLANG_WARN__DUPLICATE_METHOD_MATCH = YES;
				COPY_PHASE_STRIP = NO;
				DEBUG_INFORMATION_FORMAT = dwarf;
				ENABLE_STRICT_OBJC_MSGSEND = YES;
				ENABLE_TESTABILITY = YES;
				GCC_C_LANGUAGE_STANDARD = gnu11;
				GCC_DYNAMIC_NO_PIC = NO;
				GCC_NO_COMMON_BLOCKS = YES;
				GCC_OPTIMIZATION_LEVEL = 0;
				GCC_PREPROCESSOR_DEFINITIONS = (
					"DEBUG=1",
					"$(inherited)",
				);
				GCC_WARN_64_TO_32_BIT_CONVERSION = YES;
				GCC_WARN_ABOUT_RETURN_TYPE = YES_ERROR;
				GCC_WARN_UNDECLARED_SELECTOR = YES;
				GCC_WARN_UNINITIALIZED_AUTOS = YES_AGGRESSIVE;
				GCC_WARN_UNUSED_FUNCTION = YES;
				GCC_WARN_UNUSED_VARIABLE = YES;
				IPHONEOS_DEPLOYMENT_TARGET = 14.4;
				MTL_ENABLE_DEBUG_INFO = INCLUDE_SOURCE;
				MTL_FAST_MATH = YES;
				ONLY_ACTIVE_ARCH = YES;
				SDKROOT = iphoneos;
				SWIFT_ACTIVE_COMPILATION_CONDITIONS = DEBUG;
				SWIFT_OPTIMIZATION_LEVEL = "-Onone";
			};
			name = Debug;
		};
		77D2829825E3D7D600FD0FF9 /* Release */ = {
			isa = XCBuildConfiguration;
			buildSettings = {
				ALWAYS_SEARCH_USER_PATHS = NO;
				CLANG_ANALYZER_NONNULL = YES;
				CLANG_ANALYZER_NUMBER_OBJECT_CONVERSION = YES_AGGRESSIVE;
				CLANG_CXX_LANGUAGE_STANDARD = "gnu++14";
				CLANG_CXX_LIBRARY = "libc++";
				CLANG_ENABLE_MODULES = YES;
				CLANG_ENABLE_OBJC_ARC = YES;
				CLANG_ENABLE_OBJC_WEAK = YES;
				CLANG_WARN_BLOCK_CAPTURE_AUTORELEASING = YES;
				CLANG_WARN_BOOL_CONVERSION = YES;
				CLANG_WARN_COMMA = YES;
				CLANG_WARN_CONSTANT_CONVERSION = YES;
				CLANG_WARN_DEPRECATED_OBJC_IMPLEMENTATIONS = YES;
				CLANG_WARN_DIRECT_OBJC_ISA_USAGE = YES_ERROR;
				CLANG_WARN_DOCUMENTATION_COMMENTS = YES;
				CLANG_WARN_EMPTY_BODY = YES;
				CLANG_WARN_ENUM_CONVERSION = YES;
				CLANG_WARN_INFINITE_RECURSION = YES;
				CLANG_WARN_INT_CONVERSION = YES;
				CLANG_WARN_NON_LITERAL_NULL_CONVERSION = YES;
				CLANG_WARN_OBJC_IMPLICIT_RETAIN_SELF = YES;
				CLANG_WARN_OBJC_LITERAL_CONVERSION = YES;
				CLANG_WARN_OBJC_ROOT_CLASS = YES_ERROR;
				CLANG_WARN_QUOTED_INCLUDE_IN_FRAMEWORK_HEADER = YES;
				CLANG_WARN_RANGE_LOOP_ANALYSIS = YES;
				CLANG_WARN_STRICT_PROTOTYPES = YES;
				CLANG_WARN_SUSPICIOUS_MOVE = YES;
				CLANG_WARN_UNGUARDED_AVAILABILITY = YES_AGGRESSIVE;
				CLANG_WARN_UNREACHABLE_CODE = YES;
				CLANG_WARN__DUPLICATE_METHOD_MATCH = YES;
				COPY_PHASE_STRIP = NO;
				DEBUG_INFORMATION_FORMAT = "dwarf-with-dsym";
				ENABLE_NS_ASSERTIONS = NO;
				ENABLE_STRICT_OBJC_MSGSEND = YES;
				GCC_C_LANGUAGE_STANDARD = gnu11;
				GCC_NO_COMMON_BLOCKS = YES;
				GCC_WARN_64_TO_32_BIT_CONVERSION = YES;
				GCC_WARN_ABOUT_RETURN_TYPE = YES_ERROR;
				GCC_WARN_UNDECLARED_SELECTOR = YES;
				GCC_WARN_UNINITIALIZED_AUTOS = YES_AGGRESSIVE;
				GCC_WARN_UNUSED_FUNCTION = YES;
				GCC_WARN_UNUSED_VARIABLE = YES;
				IPHONEOS_DEPLOYMENT_TARGET = 14.4;
				MTL_ENABLE_DEBUG_INFO = NO;
				MTL_FAST_MATH = YES;
				SDKROOT = iphoneos;
				SWIFT_COMPILATION_MODE = wholemodule;
				SWIFT_OPTIMIZATION_LEVEL = "-O";
				VALIDATE_PRODUCT = YES;
			};
			name = Release;
		};
		77D2829A25E3D7D600FD0FF9 /* Debug */ = {
			isa = XCBuildConfiguration;
			buildSettings = {
				ASSETCATALOG_COMPILER_APPICON_NAME = AppIcon;
				ASSETCATALOG_COMPILER_GLOBAL_ACCENT_COLOR_NAME = AccentColor;
				CODE_SIGN_STYLE = Automatic;
				DEVELOPMENT_TEAM = A8X2W38P62;
				INFOPLIST_FILE = "video-pocket/Info.plist";
				LD_RUNPATH_SEARCH_PATHS = (
					"$(inherited)",
					"@executable_path/Frameworks",
				);
				PRODUCT_BUNDLE_IDENTIFIER = "com.video-pocket";
				PRODUCT_NAME = "$(TARGET_NAME)";
				SWIFT_VERSION = 5.0;
				TARGETED_DEVICE_FAMILY = "1,2";
			};
			name = Debug;
		};
		77D2829B25E3D7D600FD0FF9 /* Release */ = {
			isa = XCBuildConfiguration;
			buildSettings = {
				ASSETCATALOG_COMPILER_APPICON_NAME = AppIcon;
				ASSETCATALOG_COMPILER_GLOBAL_ACCENT_COLOR_NAME = AccentColor;
				CODE_SIGN_STYLE = Automatic;
				DEVELOPMENT_TEAM = A8X2W38P62;
				INFOPLIST_FILE = "video-pocket/Info.plist";
				LD_RUNPATH_SEARCH_PATHS = (
					"$(inherited)",
					"@executable_path/Frameworks",
				);
				PRODUCT_BUNDLE_IDENTIFIER = "com.video-pocket";
				PRODUCT_NAME = "$(TARGET_NAME)";
				SWIFT_VERSION = 5.0;
				TARGETED_DEVICE_FAMILY = "1,2";
			};
			name = Release;
		};
/* End XCBuildConfiguration section */

/* Begin XCConfigurationList section */
		77D2828025E3D7D500FD0FF9 /* Build configuration list for PBXProject "video-pocket" */ = {
			isa = XCConfigurationList;
			buildConfigurations = (
				77D2829725E3D7D600FD0FF9 /* Debug */,
				77D2829825E3D7D600FD0FF9 /* Release */,
			);
			defaultConfigurationIsVisible = 0;
			defaultConfigurationName = Release;
		};
		77D2829925E3D7D600FD0FF9 /* Build configuration list for PBXNativeTarget "video-pocket" */ = {
			isa = XCConfigurationList;
			buildConfigurations = (
				77D2829A25E3D7D600FD0FF9 /* Debug */,
				77D2829B25E3D7D600FD0FF9 /* Release */,
			);
			defaultConfigurationIsVisible = 0;
			defaultConfigurationName = Release;
		};
/* End XCConfigurationList section */
	};
	rootObject = 77D2827D25E3D7D500FD0FF9 /* Project object */;
}
